uuid: 96703c62-7dd7-4077-8eb5-7647a52c97c2
langcode: en
status: true
dependencies:
  config:
    - block_visibility_groups.block_visibility_group.front
  content:
    - 'block_content:basic:1e7391f6-011d-4e34-85b7-400a3285b413'
  module:
    - block_content
    - block_visibility_groups
  theme:
    - paycheck_exchange
id: theproductsyouwantblock
theme: paycheck_exchange
region: third_top
weight: 0
provider: null
plugin: 'block_content:1e7391f6-011d-4e34-85b7-400a3285b413'
settings:
  id: 'block_content:1e7391f6-011d-4e34-85b7-400a3285b413'
  label: 'The products you want block'
  provider: block_content
  label_display: '0'
  status: true
  info: ''
  view_mode: full
visibility:
  condition_group:
    id: condition_group
    negate: false
    block_visibility_group: front
    context_mapping: {  }
